
Microsoft Visual Studio Solution File, Format Version 12.00
Project("{FAE04EC0-301F-11D3-BF4B-00C04F79EFBC}") = "Bai7", "Bai7\Bai7.csproj", "{AB0984C4-4DA5-43AA-BCC2-1F4B4966F3C0}"
EndProject
Global
	GlobalSection(SolutionConfigurationPlatforms) = preSolution
		Debug|Any CPU = Debug|Any CPU
		Release|Any CPU = Release|Any CPU
	EndGlobalSection
	GlobalSection(ProjectConfigurationPlatforms) = postSolution
		{AB0984C4-4DA5-43AA-BCC2-1F4B4966F3C0}.Debug|Any CPU.ActiveCfg = Debug|Any CPU
		{AB0984C4-4DA5-43AA-BCC2-1F4B4966F3C0}.Debug|Any CPU.Build.0 = Debug|Any CPU
		{AB0984C4-4DA5-43AA-BCC2-1F4B4966F3C0}.Release|Any CPU.ActiveCfg = Release|Any CPU
		{AB0984C4-4DA5-43AA-BCC2-1F4B4966F3C0}.Release|Any CPU.Build.0 = Release|Any CPU
	EndGlobalSection
EndGlobal
