
Microsoft Visual Studio Solution File, Format Version 12.00
Project("{FAE04EC0-301F-11D3-BF4B-00C04F79EFBC}") = "Bai6", "Bai6\Bai6.csproj", "{920B1635-3380-438B-A7CF-16822D3B5676}"
EndProject
Global
	GlobalSection(SolutionConfigurationPlatforms) = preSolution
		Debug|Any CPU = Debug|Any CPU
		Release|Any CPU = Release|Any CPU
	EndGlobalSection
	GlobalSection(ProjectConfigurationPlatforms) = postSolution
		{920B1635-3380-438B-A7CF-16822D3B5676}.Debug|Any CPU.ActiveCfg = Debug|Any CPU
		{920B1635-3380-438B-A7CF-16822D3B5676}.Debug|Any CPU.Build.0 = Debug|Any CPU
		{920B1635-3380-438B-A7CF-16822D3B5676}.Release|Any CPU.ActiveCfg = Release|Any CPU
		{920B1635-3380-438B-A7CF-16822D3B5676}.Release|Any CPU.Build.0 = Release|Any CPU
	EndGlobalSection
EndGlobal
